// !$*UTF8*$!
{
	archiveVersion = 1;
	classes = {
	};
	objectVersion = 56;
	objects = {

/* Begin PBXBuildFile section */
		AC8A20082A5D6DFF0098605D /* EcommerceStoreApp.swift in Sources */ = {isa = PBXBuildFile; fileRef = AC8A20072A5D6DFF0098605D /* EcommerceStoreApp.swift */; };
		AC8A200A2A5D6DFF0098605D /* ContentView.swift in Sources */ = {isa = PBXBuildFile; fileRef = AC8A20092A5D6DFF0098605D /* ContentView.swift */; };
		AC8A200C2A5D6E010098605D /* Assets.xcassets in Resources */ = {isa = PBXBuildFile; fileRef = AC8A200B2A5D6E010098605D /* Assets.xcassets */; };
		AC8A200F2A5D6E010098605D /* Preview Assets.xcassets in Resources */ = {isa = PBXBuildFile; fileRef = AC8A200E2A5D6E010098605D /* Preview Assets.xcassets */; };
		AC8A20192A5D6E010098605D /* EcommerceStoreTests.swift in Sources */ = {isa = PBXBuildFile; fileRef = AC8A20182A5D6E010098605D /* EcommerceStoreTests.swift */; };
		AC8A20232A5D6E010098605D /* EcommerceStoreUITests.swift in Sources */ = {isa = PBXBuildFile; fileRef = AC8A20222A5D6E010098605D /* EcommerceStoreUITests.swift */; };
		AC8A20252A5D6E010098605D /* EcommerceStoreUITestsLaunchTests.swift in Sources */ = {isa = PBXBuildFile; fileRef = AC8A20242A5D6E010098605D /* EcommerceStoreUITestsLaunchTests.swift */; };
/* End PBXBuildFile section */

/* Begin PBXContainerItemProxy section */
		AC8A20152A5D6E010098605D /* PBXContainerItemProxy */ = {
			isa = PBXContainerItemProxy;
			containerPortal = AC8A1FFC2A5D6DFF0098605D /* Project object */;
			proxyType = 1;
			remoteGlobalIDString = AC8A20032A5D6DFF0098605D;
			remoteInfo = EcommerceStore;
		};
		AC8A201F2A5D6E010098605D /* PBXContainerItemProxy */ = {
			isa = PBXContainerItemProxy;
			containerPortal = AC8A1FFC2A5D6DFF0098605D /* Project object */;
			proxyType = 1;
			remoteGlobalIDString = AC8A20032A5D6DFF0098605D;
			remoteInfo = EcommerceStore;
		};
/* End PBXContainerItemProxy section */

/* Begin PBXFileReference section */
		AC8A20042A5D6DFF0098605D /* EcommerceStore.app */ = {isa = PBXFileReference; explicitFileType = wrapper.application; includeInIndex = 0; path = EcommerceStore.app; sourceTree = BUILT_PRODUCTS_DIR; };
		AC8A20072A5D6DFF0098605D /* EcommerceStoreApp.swift */ = {isa = PBXFileReference; lastKnownFileType = sourcecode.swift; path = EcommerceStoreApp.swift; sourceTree = "<group>"; };
		AC8A20092A5D6DFF0098605D /* ContentView.swift */ = {isa = PBXFileReference; lastKnownFileType = sourcecode.swift; path = ContentView.swift; sourceTree = "<group>"; };
		AC8A200B2A5D6E010098605D /* Assets.xcassets */ = {isa = PBXFileReference; lastKnownFileType = folder.assetcatalog; path = Assets.xcassets; sourceTree = "<group>"; };
		AC8A200E2A5D6E010098605D /* Preview Assets.xcassets */ = {isa = PBXFileReference; lastKnownFileType = folder.assetcatalog; path = "Preview Assets.xcassets"; sourceTree = "<group>"; };
		AC8A20142A5D6E010098605D /* EcommerceStoreTests.xctest */ = {isa = PBXFileReference; explicitFileType = wrapper.cfbundle; includeInIndex = 0; path = EcommerceStoreTests.xctest; sourceTree = BUILT_PRODUCTS_DIR; };
		AC8A20182A5D6E010098605D /* EcommerceStoreTests.swift */ = {isa = PBXFileReference; lastKnownFileType = sourcecode.swift; path = EcommerceStoreTests.swift; sourceTree = "<group>"; };
		AC8A201E2A5D6E010098605D /* EcommerceStoreUITests.xctest */ = {isa = PBXFileReference; explicitFileType = wrapper.cfbundle; includeInIndex = 0; path = EcommerceStoreUITests.xctest; sourceTree = BUILT_PRODUCTS_DIR; };
		AC8A20222A5D6E010098605D /* EcommerceStoreUITests.swift */ = {isa = PBXFileReference; lastKnownFileType = sourcecode.swift; path = EcommerceStoreUITests.swift; sourceTree = "<group>"; };
		AC8A20242A5D6E010098605D /* EcommerceStoreUITestsLaunchTests.swift */ = {isa = PBXFileReference; lastKnownFileType = sourcecode.swift; path = EcommerceStoreUITestsLaunchTests.swift; sourceTree = "<group>"; };
/* End PBXFileReference section */

/* Begin PBXFrameworksBuildPhase section */
		AC8A20012A5D6DFF0098605D /* Frameworks */ = {
			isa = PBXFrameworksBuildPhase;
			buildActionMask = 2147483647;
			files = (
			);
			runOnlyForDeploymentPostprocessing = 0;
		};
		AC8A20112A5D6E010098605D /* Frameworks */ = {
			isa = PBXFrameworksBuildPhase;
			buildActionMask = 2147483647;
			files = (
			);
			runOnlyForDeploymentPostprocessing = 0;
		};
		AC8A201B2A5D6E010098605D /* Frameworks */ = {
			isa = PBXFrameworksBuildPhase;
			buildActionMask = 2147483647;
			files = (
			);
			runOnlyForDeploymentPostprocessing = 0;
		};
/* End PBXFrameworksBuildPhase section */

/* Begin PBXGroup section */
		AC8A1FFB2A5D6DFF0098605D = {
			isa = PBXGroup;
			children = (
				AC8A20062A5D6DFF0098605D /* EcommerceStore */,
				AC8A20172A5D6E010098605D /* EcommerceStoreTests */,
				AC8A20212A5D6E010098605D /* EcommerceStoreUITests */,
				AC8A20052A5D6DFF0098605D /* Products */,
			);
			sourceTree = "<group>";
		};
		AC8A20052A5D6DFF0098605D /* Products */ = {
			isa = PBXGroup;
			children = (
				AC8A20042A5D6DFF0098605D /* EcommerceStore.app */,
				AC8A20142A5D6E010098605D /* EcommerceStoreTests.xctest */,
				AC8A201E2A5D6E010098605D /* EcommerceStoreUITests.xctest */,
			);
			name = Products;
			sourceTree = "<group>";
		};
		AC8A20062A5D6DFF0098605D /* EcommerceStore */ = {
			isa = PBXGroup;
			children = (
				AC8A20072A5D6DFF0098605D /* EcommerceStoreApp.swift */,
				AC8A20092A5D6DFF0098605D /* ContentView.swift */,
				AC8A200B2A5D6E010098605D /* Assets.xcassets */,
				AC8A200D2A5D6E010098605D /* Preview Content */,
			);
			path = EcommerceStore;
			sourceTree = "<group>";
		};
		AC8A200D2A5D6E010098605D /* Preview Content */ = {
			isa = PBXGroup;
			children = (
				AC8A200E2A5D6E010098605D /* Preview Assets.xcassets */,
			);
			path = "Preview Content";
			sourceTree = "<group>";
		};
		AC8A20172A5D6E010098605D /* EcommerceStoreTests */ = {
			isa = PBXGroup;
			children = (
				AC8A20182A5D6E010098605D /* EcommerceStoreTests.swift */,
			);
			path = EcommerceStoreTests;
			sourceTree = "<group>";
		};
		AC8A20212A5D6E010098605D /* EcommerceStoreUITests */ = {
			isa = PBXGroup;
			children = (
				AC8A20222A5D6E010098605D /* EcommerceStoreUITests.swift */,
				AC8A20242A5D6E010098605D /* EcommerceStoreUITestsLaunchTests.swift */,
			);
			path = EcommerceStoreUITests;
			sourceTree = "<group>";
		};
/* End PBXGroup section */

/* Begin PBXNativeTarget section */
		AC8A20032A5D6DFF0098605D /* EcommerceStore */ = {
			isa = PBXNativeTarget;
			buildConfigurationList = AC8A20282A5D6E010098605D /* Build configuration list for PBXNativeTarget "EcommerceStore" */;
			buildPhases = (
				AC8A20002A5D6DFF0098605D /* Sources */,
				AC8A20012A5D6DFF0098605D /* Frameworks */,
				AC8A20022A5D6DFF0098605D /* Resources */,
			);
			buildRules = (
			);
			dependencies = (
			);
			name = EcommerceStore;
			productName = EcommerceStore;
			productReference = AC8A20042A5D6DFF0098605D /* EcommerceStore.app */;
			productType = "com.apple.product-type.application";
		};
		AC8A20132A5D6E010098605D /* EcommerceStoreTests */ = {
			isa = PBXNativeTarget;
			buildConfigurationList = AC8A202B2A5D6E010098605D /* Build configuration list for PBXNativeTarget "EcommerceStoreTests" */;
			buildPhases = (
				AC8A20102A5D6E010098605D /* Sources */,
				AC8A20112A5D6E010098605D /* Frameworks */,
				AC8A20122A5D6E010098605D /* Resources */,
			);
			buildRules = (
			);
			dependencies = (
				AC8A20162A5D6E010098605D /* PBXTargetDependency */,
			);
			name = EcommerceStoreTests;
			productName = EcommerceStoreTests;
			productReference = AC8A20142A5D6E010098605D /* EcommerceStoreTests.xctest */;
			productType = "com.apple.product-type.bundle.unit-test";
		};
		AC8A201D2A5D6E010098605D /* EcommerceStoreUITests */ = {
			isa = PBXNativeTarget;
			buildConfigurationList = AC8A202E2A5D6E010098605D /* Build configuration list for PBXNativeTarget "EcommerceStoreUITests" */;
			buildPhases = (
				AC8A201A2A5D6E010098605D /* Sources */,
				AC8A201B2A5D6E010098605D /* Frameworks */,
				AC8A201C2A5D6E010098605D /* Resources */,
			);
			buildRules = (
			);
			dependencies = (
				AC8A20202A5D6E010098605D /* PBXTargetDependency */,
			);
			name = EcommerceStoreUITests;
			productName = EcommerceStoreUITests;
			productReference = AC8A201E2A5D6E010098605D /* EcommerceStoreUITests.xctest */;
			productType = "com.apple.product-type.bundle.ui-testing";
		};
/* End PBXNativeTarget section */

/* Begin PBXProject section */
		AC8A1FFC2A5D6DFF0098605D /* Project object */ = {
			isa = PBXProject;
			attributes = {
				BuildIndependentTargetsInParallel = 1;
				LastSwiftUpdateCheck = 1420;
				LastUpgradeCheck = 1420;
				TargetAttributes = {
					AC8A20032A5D6DFF0098605D = {
						CreatedOnToolsVersion = 14.2;
					};
					AC8A20132A5D6E010098605D = {
						CreatedOnToolsVersion = 14.2;
						TestTargetID = AC8A20032A5D6DFF0098605D;
					};
					AC8A201D2A5D6E010098605D = {
						CreatedOnToolsVersion = 14.2;
						TestTargetID = AC8A20032A5D6DFF0098605D;
					};
				};
			};
			buildConfigurationList = AC8A1FFF2A5D6DFF0098605D /* Build configuration list for PBXProject "EcommerceStore" */;
			compatibilityVersion = "Xcode 14.0";
			developmentRegion = en;
			hasScannedForEncodings = 0;
			knownRegions = (
				en,
				Base,
			);
			mainGroup = AC8A1FFB2A5D6DFF0098605D;
			productRefGroup = AC8A20052A5D6DFF0098605D /* Products */;
			projectDirPath = "";
			projectRoot = "";
			targets = (
				AC8A20032A5D6DFF0098605D /* EcommerceStore */,
				AC8A20132A5D6E010098605D /* EcommerceStoreTests */,
				AC8A201D2A5D6E010098605D /* EcommerceStoreUITests */,
			);
		};
/* End PBXProject section */

/* Begin PBXResourcesBuildPhase section */
		AC8A20022A5D6DFF0098605D /* Resources */ = {
			isa = PBXResourcesBuildPhase;
			buildActionMask = 2147483647;
			files = (
				AC8A200F2A5D6E010098605D /* Preview Assets.xcassets in Resources */,
				AC8A200C2A5D6E010098605D /* Assets.xcassets in Resources */,
			);
			runOnlyForDeploymentPostprocessing = 0;
		};
		AC8A20122A5D6E010098605D /* Resources */ = {
			isa = PBXResourcesBuildPhase;
			buildActionMask = 2147483647;
			files = (
			);
			runOnlyForDeploymentPostprocessing = 0;
		};
		AC8A201C2A5D6E010098605D /* Resources */ = {
			isa = PBXResourcesBuildPhase;
			buildActionMask = 2147483647;
			files = (
			);
			runOnlyForDeploymentPostprocessing = 0;
		};
/* End PBXResourcesBuildPhase section */

/* Begin PBXSourcesBuildPhase section */
		AC8A20002A5D6DFF0098605D /* Sources */ = {
			isa = PBXSourcesBuildPhase;
			buildActionMask = 2147483647;
			files = (
				AC8A200A2A5D6DFF0098605D /* ContentView.swift in Sources */,
				AC8A20082A5D6DFF0098605D /* EcommerceStoreApp.swift in Sources */,
			);
			runOnlyForDeploymentPostprocessing = 0;
		};
		AC8A20102A5D6E010098605D /* Sources */ = {
			isa = PBXSourcesBuildPhase;
			buildActionMask = 2147483647;
			files = (
				AC8A20192A5D6E010098605D /* EcommerceStoreTests.swift in Sources */,
			);
			runOnlyForDeploymentPostprocessing = 0;
		};
		AC8A201A2A5D6E010098605D /* Sources */ = {
			isa = PBXSourcesBuildPhase;
			buildActionMask = 2147483647;
			files = (
				AC8A20232A5D6E010098605D /* EcommerceStoreUITests.swift in Sources */,
				AC8A20252A5D6E010098605D /* EcommerceStoreUITestsLaunchTests.swift in Sources */,
			);
			runOnlyForDeploymentPostprocessing = 0;
		};
/* End PBXSourcesBuildPhase section */

/* Begin PBXTargetDependency section */
		AC8A20162A5D6E010098605D /* PBXTargetDependency */ = {
			isa = PBXTargetDependency;
			target = AC8A20032A5D6DFF0098605D /* EcommerceStore */;
			targetProxy = AC8A20152A5D6E010098605D /* PBXContainerItemProxy */;
		};
		AC8A20202A5D6E010098605D /* PBXTargetDependency */ = {
			isa = PBXTargetDependency;
			target = AC8A20032A5D6DFF0098605D /* EcommerceStore */;
			targetProxy = AC8A201F2A5D6E010098605D /* PBXContainerItemProxy */;
		};
/* End PBXTargetDependency section */

/* Begin XCBuildConfiguration section */
		AC8A20262A5D6E010098605D /* Debug */ = {
			isa = XCBuildConfiguration;
			buildSettings = {
				ALWAYS_SEARCH_USER_PATHS = NO;
				CLANG_ANALYZER_NONNULL = YES;
				CLANG_ANALYZER_NUMBER_OBJECT_CONVERSION = YES_AGGRESSIVE;
				CLANG_CXX_LANGUAGE_STANDARD = "gnu++20";
				CLANG_ENABLE_MODULES = YES;
				CLANG_ENABLE_OBJC_ARC = YES;
				CLANG_ENABLE_OBJC_WEAK = YES;
				CLANG_WARN_BLOCK_CAPTURE_AUTORELEASING = YES;
				CLANG_WARN_BOOL_CONVERSION = YES;
				CLANG_WARN_COMMA = YES;
				CLANG_WARN_CONSTANT_CONVERSION = YES;
				CLANG_WARN_DEPRECATED_OBJC_IMPLEMENTATIONS = YES;
				CLANG_WARN_DIRECT_OBJC_ISA_USAGE = YES_ERROR;
				CLANG_WARN_DOCUMENTATION_COMMENTS = YES;
				CLANG_WARN_EMPTY_BODY = YES;
				CLANG_WARN_ENUM_CONVERSION = YES;
				CLANG_WARN_INFINITE_RECURSION = YES;
				CLANG_WARN_INT_CONVERSION = YES;
				CLANG_WARN_NON_LITERAL_NULL_CONVERSION = YES;
				CLANG_WARN_OBJC_IMPLICIT_RETAIN_SELF = YES;
				CLANG_WARN_OBJC_LITERAL_CONVERSION = YES;
				CLANG_WARN_OBJC_ROOT_CLASS = YES_ERROR;
				CLANG_WARN_QUOTED_INCLUDE_IN_FRAMEWORK_HEADER = YES;
				CLANG_WARN_RANGE_LOOP_ANALYSIS = YES;
				CLANG_WARN_STRICT_PROTOTYPES = YES;
				CLANG_WARN_SUSPICIOUS_MOVE = YES;
				CLANG_WARN_UNGUARDED_AVAILABILITY = YES_AGGRESSIVE;
				CLANG_WARN_UNREACHABLE_CODE = YES;
				CLANG_WARN__DUPLICATE_METHOD_MATCH = YES;
				COPY_PHASE_STRIP = NO;
				DEBUG_INFORMATION_FORMAT = dwarf;
				ENABLE_STRICT_OBJC_MSGSEND = YES;
				ENABLE_TESTABILITY = YES;
				GCC_C_LANGUAGE_STANDARD = gnu11;
				GCC_DYNAMIC_NO_PIC = NO;
				GCC_NO_COMMON_BLOCKS = YES;
				GCC_OPTIMIZATION_LEVEL = 0;
				GCC_PREPROCESSOR_DEFINITIONS = (
					"DEBUG=1",
					"$(inherited)",
				);
				GCC_WARN_64_TO_32_BIT_CONVERSION = YES;
				GCC_WARN_ABOUT_RETURN_TYPE = YES_ERROR;
				GCC_WARN_UNDECLARED_SELECTOR = YES;
				GCC_WARN_UNINITIALIZED_AUTOS = YES_AGGRESSIVE;
				GCC_WARN_UNUSED_FUNCTION = YES;
				GCC_WARN_UNUSED_VARIABLE = YES;
				IPHONEOS_DEPLOYMENT_TARGET = 16.2;
				MTL_ENABLE_DEBUG_INFO = INCLUDE_SOURCE;
				MTL_FAST_MATH = YES;
				ONLY_ACTIVE_ARCH = YES;
				SDKROOT = iphoneos;
				SWIFT_ACTIVE_COMPILATION_CONDITIONS = DEBUG;
				SWIFT_OPTIMIZATION_LEVEL = "-Onone";
			};
			name = Debug;
		};
		AC8A20272A5D6E010098605D /* Release */ = {
			isa = XCBuildConfiguration;
			buildSettings = {
				ALWAYS_SEARCH_USER_PATHS = NO;
				CLANG_ANALYZER_NONNULL = YES;
				CLANG_ANALYZER_NUMBER_OBJECT_CONVERSION = YES_AGGRESSIVE;
				CLANG_CXX_LANGUAGE_STANDARD = "gnu++20";
				CLANG_ENABLE_MODULES = YES;
				CLANG_ENABLE_OBJC_ARC = YES;
				CLANG_ENABLE_OBJC_WEAK = YES;
				CLANG_WARN_BLOCK_CAPTURE_AUTORELEASING = YES;
				CLANG_WARN_BOOL_CONVERSION = YES;
				CLANG_WARN_COMMA = YES;
				CLANG_WARN_CONSTANT_CONVERSION = YES;
				CLANG_WARN_DEPRECATED_OBJC_IMPLEMENTATIONS = YES;
				CLANG_WARN_DIRECT_OBJC_ISA_USAGE = YES_ERROR;
				CLANG_WARN_DOCUMENTATION_COMMENTS = YES;
				CLANG_WARN_EMPTY_BODY = YES;
				CLANG_WARN_ENUM_CONVERSION = YES;
				CLANG_WARN_INFINITE_RECURSION = YES;
				CLANG_WARN_INT_CONVERSION = YES;
				CLANG_WARN_NON_LITERAL_NULL_CONVERSION = YES;
				CLANG_WARN_OBJC_IMPLICIT_RETAIN_SELF = YES;
				CLANG_WARN_OBJC_LITERAL_CONVERSION = YES;
				CLANG_WARN_OBJC_ROOT_CLASS = YES_ERROR;
				CLANG_WARN_QUOTED_INCLUDE_IN_FRAMEWORK_HEADER = YES;
				CLANG_WARN_RANGE_LOOP_ANALYSIS = YES;
				CLANG_WARN_STRICT_PROTOTYPES = YES;
				CLANG_WARN_SUSPICIOUS_MOVE = YES;
				CLANG_WARN_UNGUARDED_AVAILABILITY = YES_AGGRESSIVE;
				CLANG_WARN_UNREACHABLE_CODE = YES;
				CLANG_WARN__DUPLICATE_METHOD_MATCH = YES;
				COPY_PHASE_STRIP = NO;
				DEBUG_INFORMATION_FORMAT = "dwarf-with-dsym";
				ENABLE_NS_ASSERTIONS = NO;
				ENABLE_STRICT_OBJC_MSGSEND = YES;
				GCC_C_LANGUAGE_STANDARD = gnu11;
				GCC_NO_COMMON_BLOCKS = YES;
				GCC_WARN_64_TO_32_BIT_CONVERSION = YES;
				GCC_WARN_ABOUT_RETURN_TYPE = YES_ERROR;
				GCC_WARN_UNDECLARED_SELECTOR = YES;
				GCC_WARN_UNINITIALIZED_AUTOS = YES_AGGRESSIVE;
				GCC_WARN_UNUSED_FUNCTION = YES;
				GCC_WARN_UNUSED_VARIABLE = YES;
				IPHONEOS_DEPLOYMENT_TARGET = 16.2;
				MTL_ENABLE_DEBUG_INFO = NO;
				MTL_FAST_MATH = YES;
				SDKROOT = iphoneos;
				SWIFT_COMPILATION_MODE = wholemodule;
				SWIFT_OPTIMIZATION_LEVEL = "-O";
				VALIDATE_PRODUCT = YES;
			};
			name = Release;
		};
		AC8A20292A5D6E010098605D /* Debug */ = {
			isa = XCBuildConfiguration;
			buildSettings = {
				ASSETCATALOG_COMPILER_APPICON_NAME = AppIcon;
				ASSETCATALOG_COMPILER_GLOBAL_ACCENT_COLOR_NAME = AccentColor;
				CODE_SIGN_STYLE = Automatic;
				CURRENT_PROJECT_VERSION = 1;
				DEVELOPMENT_ASSET_PATHS = "\"EcommerceStore/Preview Content\"";
				DEVELOPMENT_TEAM = LU893QGJWJ;
				ENABLE_PREVIEWS = YES;
				GENERATE_INFOPLIST_FILE = YES;
				INFOPLIST_KEY_UIApplicationSceneManifest_Generation = YES;
				INFOPLIST_KEY_UIApplicationSupportsIndirectInputEvents = YES;
				INFOPLIST_KEY_UILaunchScreen_Generation = YES;
				INFOPLIST_KEY_UISupportedInterfaceOrientations_iPad = "UIInterfaceOrientationPortrait UIInterfaceOrientationPortraitUpsideDown UIInterfaceOrientationLandscapeLeft UIInterfaceOrientationLandscapeRight";
				INFOPLIST_KEY_UISupportedInterfaceOrientations_iPhone = "UIInterfaceOrientationPortrait UIInterfaceOrientationLandscapeLeft UIInterfaceOrientationLandscapeRight";
				LD_RUNPATH_SEARCH_PATHS = (
					"$(inherited)",
					"@executable_path/Frameworks",
				);
				MARKETING_VERSION = 1.0;
				PRODUCT_BUNDLE_IDENTIFIER = Bhumika.EcommerceStore;
				PRODUCT_NAME = "$(TARGET_NAME)";
				SWIFT_EMIT_LOC_STRINGS = YES;
				SWIFT_VERSION = 5.0;
				TARGETED_DEVICE_FAMILY = "1,2";
			};
			name = Debug;
		};
		AC8A202A2A5D6E010098605D /* Release */ = {
			isa = XCBuildConfiguration;
			buildSettings = {
				ASSETCATALOG_COMPILER_APPICON_NAME = AppIcon;
				ASSETCATALOG_COMPILER_GLOBAL_ACCENT_COLOR_NAME = AccentColor;
				CODE_SIGN_STYLE = Automatic;
				CURRENT_PROJECT_VERSION = 1;
				DEVELOPMENT_ASSET_PATHS = "\"EcommerceStore/Preview Content\"";
				DEVELOPMENT_TEAM = LU893QGJWJ;
				ENABLE_PREVIEWS = YES;
				GENERATE_INFOPLIST_FILE = YES;
				INFOPLIST_KEY_UIApplicationSceneManifest_Generation = YES;
				INFOPLIST_KEY_UIApplicationSupportsIndirectInputEvents = YES;
				INFOPLIST_KEY_UILaunchScreen_Generation = YES;
				INFOPLIST_KEY_UISupportedInterfaceOrientations_iPad = "UIInterfaceOrientationPortrait UIInterfaceOrientationPortraitUpsideDown UIInterfaceOrientationLandscapeLeft UIInterfaceOrientationLandscapeRight";
				INFOPLIST_KEY_UISupportedInterfaceOrientations_iPhone = "UIInterfaceOrientationPortrait UIInterfaceOrientationLandscapeLeft UIInterfaceOrientationLandscapeRight";
				LD_RUNPATH_SEARCH_PATHS = (
					"$(inherited)",
					"@executable_path/Frameworks",
				);
				MARKETING_VERSION = 1.0;
				PRODUCT_BUNDLE_IDENTIFIER = Bhumika.EcommerceStore;
				PRODUCT_NAME = "$(TARGET_NAME)";
				SWIFT_EMIT_LOC_STRINGS = YES;
				SWIFT_VERSION = 5.0;
				TARGETED_DEVICE_FAMILY = "1,2";
			};
			name = Release;
		};
		AC8A202C2A5D6E010098605D /* Debug */ = {
			isa = XCBuildConfiguration;
			buildSettings = {
				ALWAYS_EMBED_SWIFT_STANDARD_LIBRARIES = YES;
				BUNDLE_LOADER = "$(TEST_HOST)";
				CODE_SIGN_STYLE = Automatic;
				CURRENT_PROJECT_VERSION = 1;
				DEVELOPMENT_TEAM = LU893QGJWJ;
				GENERATE_INFOPLIST_FILE = YES;
				IPHONEOS_DEPLOYMENT_TARGET = 16.2;
				MARKETING_VERSION = 1.0;
				PRODUCT_BUNDLE_IDENTIFIER = Bhumika.EcommerceStoreTests;
				PRODUCT_NAME = "$(TARGET_NAME)";
				SWIFT_EMIT_LOC_STRINGS = NO;
				SWIFT_VERSION = 5.0;
				TARGETED_DEVICE_FAMILY = "1,2";
				TEST_HOST = "$(BUILT_PRODUCTS_DIR)/EcommerceStore.app/$(BUNDLE_EXECUTABLE_FOLDER_PATH)/EcommerceStore";
			};
			name = Debug;
		};
		AC8A202D2A5D6E010098605D /* Release */ = {
			isa = XCBuildConfiguration;
			buildSettings = {
				ALWAYS_EMBED_SWIFT_STANDARD_LIBRARIES = YES;
				BUNDLE_LOADER = "$(TEST_HOST)";
				CODE_SIGN_STYLE = Automatic;
				CURRENT_PROJECT_VERSION = 1;
				DEVELOPMENT_TEAM = LU893QGJWJ;
				GENERATE_INFOPLIST_FILE = YES;
				IPHONEOS_DEPLOYMENT_TARGET = 16.2;
				MARKETING_VERSION = 1.0;
				PRODUCT_BUNDLE_IDENTIFIER = Bhumika.EcommerceStoreTests;
				PRODUCT_NAME = "$(TARGET_NAME)";
				SWIFT_EMIT_LOC_STRINGS = NO;
				SWIFT_VERSION = 5.0;
				TARGETED_DEVICE_FAMILY = "1,2";
				TEST_HOST = "$(BUILT_PRODUCTS_DIR)/EcommerceStore.app/$(BUNDLE_EXECUTABLE_FOLDER_PATH)/EcommerceStore";
			};
			name = Release;
		};
		AC8A202F2A5D6E010098605D /* Debug */ = {
			isa = XCBuildConfiguration;
			buildSettings = {
				ALWAYS_EMBED_SWIFT_STANDARD_LIBRARIES = YES;
				CODE_SIGN_STYLE = Automatic;
				CURRENT_PROJECT_VERSION = 1;
				DEVELOPMENT_TEAM = LU893QGJWJ;
				GENERATE_INFOPLIST_FILE = YES;
				MARKETING_VERSION = 1.0;
				PRODUCT_BUNDLE_IDENTIFIER = Bhumika.EcommerceStoreUITests;
				PRODUCT_NAME = "$(TARGET_NAME)";
				SWIFT_EMIT_LOC_STRINGS = NO;
				SWIFT_VERSION = 5.0;
				TARGETED_DEVICE_FAMILY = "1,2";
				TEST_TARGET_NAME = EcommerceStore;
			};
			name = Debug;
		};
		AC8A20302A5D6E010098605D /* Release */ = {
			isa = XCBuildConfiguration;
			buildSettings = {
				ALWAYS_EMBED_SWIFT_STANDARD_LIBRARIES = YES;
				CODE_SIGN_STYLE = Automatic;
				CURRENT_PROJECT_VERSION = 1;
				DEVELOPMENT_TEAM = LU893QGJWJ;
				GENERATE_INFOPLIST_FILE = YES;
				MARKETING_VERSION = 1.0;
				PRODUCT_BUNDLE_IDENTIFIER = Bhumika.EcommerceStoreUITests;
				PRODUCT_NAME = "$(TARGET_NAME)";
				SWIFT_EMIT_LOC_STRINGS = NO;
				SWIFT_VERSION = 5.0;
				TARGETED_DEVICE_FAMILY = "1,2";
				TEST_TARGET_NAME = EcommerceStore;
			};
			name = Release;
		};
/* End XCBuildConfiguration section */

/* Begin XCConfigurationList section */
		AC8A1FFF2A5D6DFF0098605D /* Build configuration list for PBXProject "EcommerceStore" */ = {
			isa = XCConfigurationList;
			buildConfigurations = (
				AC8A20262A5D6E010098605D /* Debug */,
				AC8A20272A5D6E010098605D /* Release */,
			);
			defaultConfigurationIsVisible = 0;
			defaultConfigurationName = Release;
		};
		AC8A20282A5D6E010098605D /* Build configuration list for PBXNativeTarget "EcommerceStore" */ = {
			isa = XCConfigurationList;
			buildConfigurations = (
				AC8A20292A5D6E010098605D /* Debug */,
				AC8A202A2A5D6E010098605D /* Release */,
			);
			defaultConfigurationIsVisible = 0;
			defaultConfigurationName = Release;
		};
		AC8A202B2A5D6E010098605D /* Build configuration list for PBXNativeTarget "EcommerceStoreTests" */ = {
			isa = XCConfigurationList;
			buildConfigurations = (
				AC8A202C2A5D6E010098605D /* Debug */,
				AC8A202D2A5D6E010098605D /* Release */,
			);
			defaultConfigurationIsVisible = 0;
			defaultConfigurationName = Release;
		};
		AC8A202E2A5D6E010098605D /* Build configuration list for PBXNativeTarget "EcommerceStoreUITests" */ = {
			isa = XCConfigurationList;
			buildConfigurations = (
				AC8A202F2A5D6E010098605D /* Debug */,
				AC8A20302A5D6E010098605D /* Release */,
			);
			defaultConfigurationIsVisible = 0;
			defaultConfigurationName = Release;
		};
/* End XCConfigurationList section */
	};
	rootObject = AC8A1FFC2A5D6DFF0098605D /* Project object */;
}
