// !$*UTF8*$!
{
	archiveVersion = 1;
	classes = {
	};
	objectVersion = 56;
	objects = {

/* Begin PBXBuildFile section */
		AC147D5A2A5FC37D00EE3252 /* CategoryView.swift in Sources */ = {isa = PBXBuildFile; fileRef = AC147D592A5FC37D00EE3252 /* CategoryView.swift */; };
		AC147D5C2A601CF100EE3252 /* CatView.swift in Sources */ = {isa = PBXBuildFile; fileRef = AC147D5B2A601CF100EE3252 /* CatView.swift */; };
		AC3A9F8E2A5E6B880009DCFA /* LoadAndDecode.swift in Sources */ = {isa = PBXBuildFile; fileRef = AC3A9F8D2A5E6B880009DCFA /* LoadAndDecode.swift */; };
		AC3A9F932A5E6C000009DCFA /* ShoppingButtonStyle.swift in Sources */ = {isa = PBXBuildFile; fileRef = AC3A9F922A5E6C000009DCFA /* ShoppingButtonStyle.swift */; };
		AC3A9F952A5E6D320009DCFA /* CartViewModel.swift in Sources */ = {isa = PBXBuildFile; fileRef = AC3A9F942A5E6D320009DCFA /* CartViewModel.swift */; };
		AC3A9F992A5E86460009DCFA /* Lottie in Frameworks */ = {isa = PBXBuildFile; productRef = AC3A9F982A5E86460009DCFA /* Lottie */; };
		AC3A9FA22A5EBA450009DCFA /* SearchView.swift in Sources */ = {isa = PBXBuildFile; fileRef = AC3A9FA12A5EBA450009DCFA /* SearchView.swift */; };
		AC8A20082A5D6DFF0098605D /* EcommerceStoreApp.swift in Sources */ = {isa = PBXBuildFile; fileRef = AC8A20072A5D6DFF0098605D /* EcommerceStoreApp.swift */; };
		AC8A200A2A5D6DFF0098605D /* ContentView.swift in Sources */ = {isa = PBXBuildFile; fileRef = AC8A20092A5D6DFF0098605D /* ContentView.swift */; };
		AC8A200C2A5D6E010098605D /* Assets.xcassets in Resources */ = {isa = PBXBuildFile; fileRef = AC8A200B2A5D6E010098605D /* Assets.xcassets */; };
		AC8A200F2A5D6E010098605D /* Preview Assets.xcassets in Resources */ = {isa = PBXBuildFile; fileRef = AC8A200E2A5D6E010098605D /* Preview Assets.xcassets */; };
		AC8A20192A5D6E010098605D /* EcommerceStoreTests.swift in Sources */ = {isa = PBXBuildFile; fileRef = AC8A20182A5D6E010098605D /* EcommerceStoreTests.swift */; };
		AC8A20232A5D6E010098605D /* EcommerceStoreUITests.swift in Sources */ = {isa = PBXBuildFile; fileRef = AC8A20222A5D6E010098605D /* EcommerceStoreUITests.swift */; };
		AC8A20252A5D6E010098605D /* EcommerceStoreUITestsLaunchTests.swift in Sources */ = {isa = PBXBuildFile; fileRef = AC8A20242A5D6E010098605D /* EcommerceStoreUITestsLaunchTests.swift */; };
		AC8A20332A5D6E760098605D /* Product.swift in Sources */ = {isa = PBXBuildFile; fileRef = AC8A20322A5D6E760098605D /* Product.swift */; };
		AC8A20382A5D6F2A0098605D /* APIServices.swift in Sources */ = {isa = PBXBuildFile; fileRef = AC8A20372A5D6F2A0098605D /* APIServices.swift */; };
		AC8A203A2A5D6FF20098605D /* ProuctViewModel.swift in Sources */ = {isa = PBXBuildFile; fileRef = AC8A20392A5D6FF20098605D /* ProuctViewModel.swift */; };
		AC8A203C2A5D70690098605D /* products.json in Resources */ = {isa = PBXBuildFile; fileRef = AC8A203B2A5D70690098605D /* products.json */; };
		AC8A203F2A5D70E00098605D /* MainView.swift in Sources */ = {isa = PBXBuildFile; fileRef = AC8A203E2A5D70E00098605D /* MainView.swift */; };
		AC8A20412A5D70F00098605D /* HomeView.swift in Sources */ = {isa = PBXBuildFile; fileRef = AC8A20402A5D70F00098605D /* HomeView.swift */; };
		AC8A20442A5D71500098605D /* ProductList.swift in Sources */ = {isa = PBXBuildFile; fileRef = AC8A20432A5D71500098605D /* ProductList.swift */; };
		AC8A20462A5D716C0098605D /* ProductListItem.swift in Sources */ = {isa = PBXBuildFile; fileRef = AC8A20452A5D716C0098605D /* ProductListItem.swift */; };
		AC8A20482A5D717E0098605D /* ProductView.swift in Sources */ = {isa = PBXBuildFile; fileRef = AC8A20472A5D717E0098605D /* ProductView.swift */; };
		AC8A204A2A5D71980098605D /* ProductCarousel.swift in Sources */ = {isa = PBXBuildFile; fileRef = AC8A20492A5D71980098605D /* ProductCarousel.swift */; };
		AC8A204C2A5D71C00098605D /* ProductCarouselCard.swift in Sources */ = {isa = PBXBuildFile; fileRef = AC8A204B2A5D71C00098605D /* ProductCarouselCard.swift */; };
		AC8A204E2A5D71D10098605D /* LoadingView.swift in Sources */ = {isa = PBXBuildFile; fileRef = AC8A204D2A5D71D10098605D /* LoadingView.swift */; };
		AC8A20512A5D72090098605D /* CartView.swift in Sources */ = {isa = PBXBuildFile; fileRef = AC8A20502A5D72090098605D /* CartView.swift */; };
		AC8A20532A5D72270098605D /* FillAndStrokeShape.swift in Sources */ = {isa = PBXBuildFile; fileRef = AC8A20522A5D72270098605D /* FillAndStrokeShape.swift */; };
		AC8A20552A5D72390098605D /* CartListView.swift in Sources */ = {isa = PBXBuildFile; fileRef = AC8A20542A5D72390098605D /* CartListView.swift */; };
		AC8A20572A5D724F0098605D /* CartListItem.swift in Sources */ = {isa = PBXBuildFile; fileRef = AC8A20562A5D724F0098605D /* CartListItem.swift */; };
		AC8A20592A5D727B0098605D /* CheckOutView.swift in Sources */ = {isa = PBXBuildFile; fileRef = AC8A20582A5D727B0098605D /* CheckOutView.swift */; };
		AC8A205C2A5D73470098605D /* ImageLoader.swift in Sources */ = {isa = PBXBuildFile; fileRef = AC8A205B2A5D73470098605D /* ImageLoader.swift */; };
		AC8A205E2A5D73BF0098605D /* Colors.swift in Sources */ = {isa = PBXBuildFile; fileRef = AC8A205D2A5D73BF0098605D /* Colors.swift */; };
/* End PBXBuildFile section */

/* Begin PBXContainerItemProxy section */
		AC8A20152A5D6E010098605D /* PBXContainerItemProxy */ = {
			isa = PBXContainerItemProxy;
			containerPortal = AC8A1FFC2A5D6DFF0098605D /* Project object */;
			proxyType = 1;
			remoteGlobalIDString = AC8A20032A5D6DFF0098605D;
			remoteInfo = EcommerceStore;
		};
		AC8A201F2A5D6E010098605D /* PBXContainerItemProxy */ = {
			isa = PBXContainerItemProxy;
			containerPortal = AC8A1FFC2A5D6DFF0098605D /* Project object */;
			proxyType = 1;
			remoteGlobalIDString = AC8A20032A5D6DFF0098605D;
			remoteInfo = EcommerceStore;
		};
/* End PBXContainerItemProxy section */

/* Begin PBXFileReference section */
		AC147D592A5FC37D00EE3252 /* CategoryView.swift */ = {isa = PBXFileReference; lastKnownFileType = sourcecode.swift; path = CategoryView.swift; sourceTree = "<group>"; };
		AC147D5B2A601CF100EE3252 /* CatView.swift */ = {isa = PBXFileReference; lastKnownFileType = sourcecode.swift; path = CatView.swift; sourceTree = "<group>"; };
		AC3A9F8D2A5E6B880009DCFA /* LoadAndDecode.swift */ = {isa = PBXFileReference; lastKnownFileType = sourcecode.swift; path = LoadAndDecode.swift; sourceTree = "<group>"; };
		AC3A9F922A5E6C000009DCFA /* ShoppingButtonStyle.swift */ = {isa = PBXFileReference; lastKnownFileType = sourcecode.swift; path = ShoppingButtonStyle.swift; sourceTree = "<group>"; };
		AC3A9F942A5E6D320009DCFA /* CartViewModel.swift */ = {isa = PBXFileReference; lastKnownFileType = sourcecode.swift; path = CartViewModel.swift; sourceTree = "<group>"; };
		AC3A9FA12A5EBA450009DCFA /* SearchView.swift */ = {isa = PBXFileReference; lastKnownFileType = sourcecode.swift; path = SearchView.swift; sourceTree = "<group>"; };
		AC8A20042A5D6DFF0098605D /* EcommerceStore.app */ = {isa = PBXFileReference; explicitFileType = wrapper.application; includeInIndex = 0; path = EcommerceStore.app; sourceTree = BUILT_PRODUCTS_DIR; };
		AC8A20072A5D6DFF0098605D /* EcommerceStoreApp.swift */ = {isa = PBXFileReference; lastKnownFileType = sourcecode.swift; path = EcommerceStoreApp.swift; sourceTree = "<group>"; };
		AC8A20092A5D6DFF0098605D /* ContentView.swift */ = {isa = PBXFileReference; lastKnownFileType = sourcecode.swift; path = ContentView.swift; sourceTree = "<group>"; };
		AC8A200B2A5D6E010098605D /* Assets.xcassets */ = {isa = PBXFileReference; lastKnownFileType = folder.assetcatalog; path = Assets.xcassets; sourceTree = "<group>"; };
		AC8A200E2A5D6E010098605D /* Preview Assets.xcassets */ = {isa = PBXFileReference; lastKnownFileType = folder.assetcatalog; path = "Preview Assets.xcassets"; sourceTree = "<group>"; };
		AC8A20142A5D6E010098605D /* EcommerceStoreTests.xctest */ = {isa = PBXFileReference; explicitFileType = wrapper.cfbundle; includeInIndex = 0; path = EcommerceStoreTests.xctest; sourceTree = BUILT_PRODUCTS_DIR; };
		AC8A20182A5D6E010098605D /* EcommerceStoreTests.swift */ = {isa = PBXFileReference; lastKnownFileType = sourcecode.swift; path = EcommerceStoreTests.swift; sourceTree = "<group>"; };
		AC8A201E2A5D6E010098605D /* EcommerceStoreUITests.xctest */ = {isa = PBXFileReference; explicitFileType = wrapper.cfbundle; includeInIndex = 0; path = EcommerceStoreUITests.xctest; sourceTree = BUILT_PRODUCTS_DIR; };
		AC8A20222A5D6E010098605D /* EcommerceStoreUITests.swift */ = {isa = PBXFileReference; lastKnownFileType = sourcecode.swift; path = EcommerceStoreUITests.swift; sourceTree = "<group>"; };
		AC8A20242A5D6E010098605D /* EcommerceStoreUITestsLaunchTests.swift */ = {isa = PBXFileReference; lastKnownFileType = sourcecode.swift; path = EcommerceStoreUITestsLaunchTests.swift; sourceTree = "<group>"; };
		AC8A20322A5D6E760098605D /* Product.swift */ = {isa = PBXFileReference; lastKnownFileType = sourcecode.swift; path = Product.swift; sourceTree = "<group>"; };
		AC8A20372A5D6F2A0098605D /* APIServices.swift */ = {isa = PBXFileReference; lastKnownFileType = sourcecode.swift; path = APIServices.swift; sourceTree = "<group>"; };
		AC8A20392A5D6FF20098605D /* ProuctViewModel.swift */ = {isa = PBXFileReference; lastKnownFileType = sourcecode.swift; path = ProuctViewModel.swift; sourceTree = "<group>"; };
		AC8A203B2A5D70690098605D /* products.json */ = {isa = PBXFileReference; fileEncoding = 4; lastKnownFileType = text.json; path = products.json; sourceTree = "<group>"; };
		AC8A203E2A5D70E00098605D /* MainView.swift */ = {isa = PBXFileReference; lastKnownFileType = sourcecode.swift; path = MainView.swift; sourceTree = "<group>"; };
		AC8A20402A5D70F00098605D /* HomeView.swift */ = {isa = PBXFileReference; lastKnownFileType = sourcecode.swift; path = HomeView.swift; sourceTree = "<group>"; };
		AC8A20432A5D71500098605D /* ProductList.swift */ = {isa = PBXFileReference; lastKnownFileType = sourcecode.swift; path = ProductList.swift; sourceTree = "<group>"; };
		AC8A20452A5D716C0098605D /* ProductListItem.swift */ = {isa = PBXFileReference; lastKnownFileType = sourcecode.swift; path = ProductListItem.swift; sourceTree = "<group>"; };
		AC8A20472A5D717E0098605D /* ProductView.swift */ = {isa = PBXFileReference; lastKnownFileType = sourcecode.swift; path = ProductView.swift; sourceTree = "<group>"; };
		AC8A20492A5D71980098605D /* ProductCarousel.swift */ = {isa = PBXFileReference; lastKnownFileType = sourcecode.swift; path = ProductCarousel.swift; sourceTree = "<group>"; };
		AC8A204B2A5D71C00098605D /* ProductCarouselCard.swift */ = {isa = PBXFileReference; lastKnownFileType = sourcecode.swift; path = ProductCarouselCard.swift; sourceTree = "<group>"; };
		AC8A204D2A5D71D10098605D /* LoadingView.swift */ = {isa = PBXFileReference; lastKnownFileType = sourcecode.swift; path = LoadingView.swift; sourceTree = "<group>"; };
		AC8A20502A5D72090098605D /* CartView.swift */ = {isa = PBXFileReference; lastKnownFileType = sourcecode.swift; path = CartView.swift; sourceTree = "<group>"; };
		AC8A20522A5D72270098605D /* FillAndStrokeShape.swift */ = {isa = PBXFileReference; lastKnownFileType = sourcecode.swift; path = FillAndStrokeShape.swift; sourceTree = "<group>"; };
		AC8A20542A5D72390098605D /* CartListView.swift */ = {isa = PBXFileReference; lastKnownFileType = sourcecode.swift; path = CartListView.swift; sourceTree = "<group>"; };
		AC8A20562A5D724F0098605D /* CartListItem.swift */ = {isa = PBXFileReference; lastKnownFileType = sourcecode.swift; path = CartListItem.swift; sourceTree = "<group>"; };
		AC8A20582A5D727B0098605D /* CheckOutView.swift */ = {isa = PBXFileReference; lastKnownFileType = sourcecode.swift; path = CheckOutView.swift; sourceTree = "<group>"; };
		AC8A205B2A5D73470098605D /* ImageLoader.swift */ = {isa = PBXFileReference; lastKnownFileType = sourcecode.swift; path = ImageLoader.swift; sourceTree = "<group>"; };
		AC8A205D2A5D73BF0098605D /* Colors.swift */ = {isa = PBXFileReference; lastKnownFileType = sourcecode.swift; path = Colors.swift; sourceTree = "<group>"; };
/* End PBXFileReference section */

/* Begin PBXFrameworksBuildPhase section */
		AC8A20012A5D6DFF0098605D /* Frameworks */ = {
			isa = PBXFrameworksBuildPhase;
			buildActionMask = 2147483647;
			files = (
				AC3A9F992A5E86460009DCFA /* Lottie in Frameworks */,
			);
			runOnlyForDeploymentPostprocessing = 0;
		};
		AC8A20112A5D6E010098605D /* Frameworks */ = {
			isa = PBXFrameworksBuildPhase;
			buildActionMask = 2147483647;
			files = (
			);
			runOnlyForDeploymentPostprocessing = 0;
		};
		AC8A201B2A5D6E010098605D /* Frameworks */ = {
			isa = PBXFrameworksBuildPhase;
			buildActionMask = 2147483647;
			files = (
			);
			runOnlyForDeploymentPostprocessing = 0;
		};
/* End PBXFrameworksBuildPhase section */

/* Begin PBXGroup section */
		AC147D582A5FC30F00EE3252 /* CategoryViews */ = {
			isa = PBXGroup;
			children = (
				AC147D592A5FC37D00EE3252 /* CategoryView.swift */,
				AC147D5B2A601CF100EE3252 /* CatView.swift */,
			);
			path = CategoryViews;
			sourceTree = "<group>";
		};
		AC3A9F8F2A5E6BA10009DCFA /* Utilities */ = {
			isa = PBXGroup;
			children = (
				AC3A9F922A5E6C000009DCFA /* ShoppingButtonStyle.swift */,
			);
			path = Utilities;
			sourceTree = "<group>";
		};
		AC8A1FFB2A5D6DFF0098605D = {
			isa = PBXGroup;
			children = (
				AC8A20062A5D6DFF0098605D /* EcommerceStore */,
				AC8A20172A5D6E010098605D /* EcommerceStoreTests */,
				AC8A20212A5D6E010098605D /* EcommerceStoreUITests */,
				AC8A20052A5D6DFF0098605D /* Products */,
			);
			sourceTree = "<group>";
		};
		AC8A20052A5D6DFF0098605D /* Products */ = {
			isa = PBXGroup;
			children = (
				AC8A20042A5D6DFF0098605D /* EcommerceStore.app */,
				AC8A20142A5D6E010098605D /* EcommerceStoreTests.xctest */,
				AC8A201E2A5D6E010098605D /* EcommerceStoreUITests.xctest */,
			);
			name = Products;
			sourceTree = "<group>";
		};
		AC8A20062A5D6DFF0098605D /* EcommerceStore */ = {
			isa = PBXGroup;
			children = (
				AC3A9F8F2A5E6BA10009DCFA /* Utilities */,
				AC8A205A2A5D73250098605D /* Extensions */,
				AC8A203D2A5D70C20098605D /* View */,
				AC8A20362A5D6F0D0098605D /* ViewModel */,
				AC8A20312A5D6E580098605D /* Model */,
				AC8A20072A5D6DFF0098605D /* EcommerceStoreApp.swift */,
				AC8A20092A5D6DFF0098605D /* ContentView.swift */,
				AC8A200B2A5D6E010098605D /* Assets.xcassets */,
				AC8A200D2A5D6E010098605D /* Preview Content */,
			);
			path = EcommerceStore;
			sourceTree = "<group>";
		};
		AC8A200D2A5D6E010098605D /* Preview Content */ = {
			isa = PBXGroup;
			children = (
				AC8A200E2A5D6E010098605D /* Preview Assets.xcassets */,
			);
			path = "Preview Content";
			sourceTree = "<group>";
		};
		AC8A20172A5D6E010098605D /* EcommerceStoreTests */ = {
			isa = PBXGroup;
			children = (
				AC8A20182A5D6E010098605D /* EcommerceStoreTests.swift */,
			);
			path = EcommerceStoreTests;
			sourceTree = "<group>";
		};
		AC8A20212A5D6E010098605D /* EcommerceStoreUITests */ = {
			isa = PBXGroup;
			children = (
				AC8A20222A5D6E010098605D /* EcommerceStoreUITests.swift */,
				AC8A20242A5D6E010098605D /* EcommerceStoreUITestsLaunchTests.swift */,
			);
			path = EcommerceStoreUITests;
			sourceTree = "<group>";
		};
		AC8A20312A5D6E580098605D /* Model */ = {
			isa = PBXGroup;
			children = (
				AC8A20322A5D6E760098605D /* Product.swift */,
				AC8A203B2A5D70690098605D /* products.json */,
			);
			path = Model;
			sourceTree = "<group>";
		};
		AC8A20362A5D6F0D0098605D /* ViewModel */ = {
			isa = PBXGroup;
			children = (
				AC8A20372A5D6F2A0098605D /* APIServices.swift */,
				AC8A20392A5D6FF20098605D /* ProuctViewModel.swift */,
				AC3A9F942A5E6D320009DCFA /* CartViewModel.swift */,
			);
			path = ViewModel;
			sourceTree = "<group>";
		};
		AC8A203D2A5D70C20098605D /* View */ = {
			isa = PBXGroup;
			children = (
				AC147D582A5FC30F00EE3252 /* CategoryViews */,
				AC8A204F2A5D71F30098605D /* CartView */,
				AC8A20422A5D71130098605D /* ProductViews */,
				AC8A203E2A5D70E00098605D /* MainView.swift */,
				AC8A20402A5D70F00098605D /* HomeView.swift */,
				AC3A9FA12A5EBA450009DCFA /* SearchView.swift */,
			);
			path = View;
			sourceTree = "<group>";
		};
		AC8A20422A5D71130098605D /* ProductViews */ = {
			isa = PBXGroup;
			children = (
				AC8A20432A5D71500098605D /* ProductList.swift */,
				AC8A20452A5D716C0098605D /* ProductListItem.swift */,
				AC8A20472A5D717E0098605D /* ProductView.swift */,
				AC8A20492A5D71980098605D /* ProductCarousel.swift */,
				AC8A204B2A5D71C00098605D /* ProductCarouselCard.swift */,
				AC8A204D2A5D71D10098605D /* LoadingView.swift */,
			);
			path = ProductViews;
			sourceTree = "<group>";
		};
		AC8A204F2A5D71F30098605D /* CartView */ = {
			isa = PBXGroup;
			children = (
				AC8A20502A5D72090098605D /* CartView.swift */,
				AC8A20522A5D72270098605D /* FillAndStrokeShape.swift */,
				AC8A20542A5D72390098605D /* CartListView.swift */,
				AC8A20562A5D724F0098605D /* CartListItem.swift */,
				AC8A20582A5D727B0098605D /* CheckOutView.swift */,
			);
			path = CartView;
			sourceTree = "<group>";
		};
		AC8A205A2A5D73250098605D /* Extensions */ = {
			isa = PBXGroup;
			children = (
				AC8A205B2A5D73470098605D /* ImageLoader.swift */,
				AC8A205D2A5D73BF0098605D /* Colors.swift */,
				AC3A9F8D2A5E6B880009DCFA /* LoadAndDecode.swift */,
			);
			path = Extensions;
			sourceTree = "<group>";
		};
/* End PBXGroup section */

/* Begin PBXNativeTarget section */
		AC8A20032A5D6DFF0098605D /* EcommerceStore */ = {
			isa = PBXNativeTarget;
			buildConfigurationList = AC8A20282A5D6E010098605D /* Build configuration list for PBXNativeTarget "EcommerceStore" */;
			buildPhases = (
				AC8A20002A5D6DFF0098605D /* Sources */,
				AC8A20012A5D6DFF0098605D /* Frameworks */,
				AC8A20022A5D6DFF0098605D /* Resources */,
			);
			buildRules = (
			);
			dependencies = (
			);
			name = EcommerceStore;
			packageProductDependencies = (
				AC3A9F982A5E86460009DCFA /* Lottie */,
			);
			productName = EcommerceStore;
			productReference = AC8A20042A5D6DFF0098605D /* EcommerceStore.app */;
			productType = "com.apple.product-type.application";
		};
		AC8A20132A5D6E010098605D /* EcommerceStoreTests */ = {
			isa = PBXNativeTarget;
			buildConfigurationList = AC8A202B2A5D6E010098605D /* Build configuration list for PBXNativeTarget "EcommerceStoreTests" */;
			buildPhases = (
				AC8A20102A5D6E010098605D /* Sources */,
				AC8A20112A5D6E010098605D /* Frameworks */,
				AC8A20122A5D6E010098605D /* Resources */,
			);
			buildRules = (
			);
			dependencies = (
				AC8A20162A5D6E010098605D /* PBXTargetDependency */,
			);
			name = EcommerceStoreTests;
			productName = EcommerceStoreTests;
			productReference = AC8A20142A5D6E010098605D /* EcommerceStoreTests.xctest */;
			productType = "com.apple.product-type.bundle.unit-test";
		};
		AC8A201D2A5D6E010098605D /* EcommerceStoreUITests */ = {
			isa = PBXNativeTarget;
			buildConfigurationList = AC8A202E2A5D6E010098605D /* Build configuration list for PBXNativeTarget "EcommerceStoreUITests" */;
			buildPhases = (
				AC8A201A2A5D6E010098605D /* Sources */,
				AC8A201B2A5D6E010098605D /* Frameworks */,
				AC8A201C2A5D6E010098605D /* Resources */,
			);
			buildRules = (
			);
			dependencies = (
				AC8A20202A5D6E010098605D /* PBXTargetDependency */,
			);
			name = EcommerceStoreUITests;
			productName = EcommerceStoreUITests;
			productReference = AC8A201E2A5D6E010098605D /* EcommerceStoreUITests.xctest */;
			productType = "com.apple.product-type.bundle.ui-testing";
		};
/* End PBXNativeTarget section */

/* Begin PBXProject section */
		AC8A1FFC2A5D6DFF0098605D /* Project object */ = {
			isa = PBXProject;
			attributes = {
				BuildIndependentTargetsInParallel = 1;
				LastSwiftUpdateCheck = 1420;
				LastUpgradeCheck = 1420;
				TargetAttributes = {
					AC8A20032A5D6DFF0098605D = {
						CreatedOnToolsVersion = 14.2;
					};
					AC8A20132A5D6E010098605D = {
						CreatedOnToolsVersion = 14.2;
						TestTargetID = AC8A20032A5D6DFF0098605D;
					};
					AC8A201D2A5D6E010098605D = {
						CreatedOnToolsVersion = 14.2;
						TestTargetID = AC8A20032A5D6DFF0098605D;
					};
				};
			};
			buildConfigurationList = AC8A1FFF2A5D6DFF0098605D /* Build configuration list for PBXProject "EcommerceStore" */;
			compatibilityVersion = "Xcode 14.0";
			developmentRegion = en;
			hasScannedForEncodings = 0;
			knownRegions = (
				en,
				Base,
			);
			mainGroup = AC8A1FFB2A5D6DFF0098605D;
			packageReferences = (
				AC3A9F972A5E86460009DCFA /* XCRemoteSwiftPackageReference "lottie-ios" */,
			);
			productRefGroup = AC8A20052A5D6DFF0098605D /* Products */;
			projectDirPath = "";
			projectRoot = "";
			targets = (
				AC8A20032A5D6DFF0098605D /* EcommerceStore */,
				AC8A20132A5D6E010098605D /* EcommerceStoreTests */,
				AC8A201D2A5D6E010098605D /* EcommerceStoreUITests */,
			);
		};
/* End PBXProject section */

/* Begin PBXResourcesBuildPhase section */
		AC8A20022A5D6DFF0098605D /* Resources */ = {
			isa = PBXResourcesBuildPhase;
			buildActionMask = 2147483647;
			files = (
				AC8A203C2A5D70690098605D /* products.json in Resources */,
				AC8A200F2A5D6E010098605D /* Preview Assets.xcassets in Resources */,
				AC8A200C2A5D6E010098605D /* Assets.xcassets in Resources */,
			);
			runOnlyForDeploymentPostprocessing = 0;
		};
		AC8A20122A5D6E010098605D /* Resources */ = {
			isa = PBXResourcesBuildPhase;
			buildActionMask = 2147483647;
			files = (
			);
			runOnlyForDeploymentPostprocessing = 0;
		};
		AC8A201C2A5D6E010098605D /* Resources */ = {
			isa = PBXResourcesBuildPhase;
			buildActionMask = 2147483647;
			files = (
			);
			runOnlyForDeploymentPostprocessing = 0;
		};
/* End PBXResourcesBuildPhase section */

/* Begin PBXSourcesBuildPhase section */
		AC8A20002A5D6DFF0098605D /* Sources */ = {
			isa = PBXSourcesBuildPhase;
			buildActionMask = 2147483647;
			files = (
				AC8A20482A5D717E0098605D /* ProductView.swift in Sources */,
				AC8A205E2A5D73BF0098605D /* Colors.swift in Sources */,
				AC147D5C2A601CF100EE3252 /* CatView.swift in Sources */,
				AC8A20532A5D72270098605D /* FillAndStrokeShape.swift in Sources */,
				AC8A200A2A5D6DFF0098605D /* ContentView.swift in Sources */,
				AC8A20442A5D71500098605D /* ProductList.swift in Sources */,
				AC8A20412A5D70F00098605D /* HomeView.swift in Sources */,
				AC8A203F2A5D70E00098605D /* MainView.swift in Sources */,
				AC8A204C2A5D71C00098605D /* ProductCarouselCard.swift in Sources */,
				AC8A20082A5D6DFF0098605D /* EcommerceStoreApp.swift in Sources */,
				AC8A203A2A5D6FF20098605D /* ProuctViewModel.swift in Sources */,
				AC8A205C2A5D73470098605D /* ImageLoader.swift in Sources */,
				AC3A9F952A5E6D320009DCFA /* CartViewModel.swift in Sources */,
				AC8A20512A5D72090098605D /* CartView.swift in Sources */,
				AC8A20592A5D727B0098605D /* CheckOutView.swift in Sources */,
				AC3A9FA22A5EBA450009DCFA /* SearchView.swift in Sources */,
				AC8A20382A5D6F2A0098605D /* APIServices.swift in Sources */,
				AC8A204A2A5D71980098605D /* ProductCarousel.swift in Sources */,
				AC147D5A2A5FC37D00EE3252 /* CategoryView.swift in Sources */,
				AC8A20572A5D724F0098605D /* CartListItem.swift in Sources */,
				AC3A9F8E2A5E6B880009DCFA /* LoadAndDecode.swift in Sources */,
				AC3A9F932A5E6C000009DCFA /* ShoppingButtonStyle.swift in Sources */,
				AC8A20332A5D6E760098605D /* Product.swift in Sources */,
				AC8A204E2A5D71D10098605D /* LoadingView.swift in Sources */,
				AC8A20552A5D72390098605D /* CartListView.swift in Sources */,
				AC8A20462A5D716C0098605D /* ProductListItem.swift in Sources */,
			);
			runOnlyForDeploymentPostprocessing = 0;
		};
		AC8A20102A5D6E010098605D /* Sources */ = {
			isa = PBXSourcesBuildPhase;
			buildActionMask = 2147483647;
			files = (
				AC8A20192A5D6E010098605D /* EcommerceStoreTests.swift in Sources */,
			);
			runOnlyForDeploymentPostprocessing = 0;
		};
		AC8A201A2A5D6E010098605D /* Sources */ = {
			isa = PBXSourcesBuildPhase;
			buildActionMask = 2147483647;
			files = (
				AC8A20232A5D6E010098605D /* EcommerceStoreUITests.swift in Sources */,
				AC8A20252A5D6E010098605D /* EcommerceStoreUITestsLaunchTests.swift in Sources */,
			);
			runOnlyForDeploymentPostprocessing = 0;
		};
/* End PBXSourcesBuildPhase section */

/* Begin PBXTargetDependency section */
		AC8A20162A5D6E010098605D /* PBXTargetDependency */ = {
			isa = PBXTargetDependency;
			target = AC8A20032A5D6DFF0098605D /* EcommerceStore */;
			targetProxy = AC8A20152A5D6E010098605D /* PBXContainerItemProxy */;
		};
		AC8A20202A5D6E010098605D /* PBXTargetDependency */ = {
			isa = PBXTargetDependency;
			target = AC8A20032A5D6DFF0098605D /* EcommerceStore */;
			targetProxy = AC8A201F2A5D6E010098605D /* PBXContainerItemProxy */;
		};
/* End PBXTargetDependency section */

/* Begin XCBuildConfiguration section */
		AC8A20262A5D6E010098605D /* Debug */ = {
			isa = XCBuildConfiguration;
			buildSettings = {
				ALWAYS_SEARCH_USER_PATHS = NO;
				CLANG_ANALYZER_NONNULL = YES;
				CLANG_ANALYZER_NUMBER_OBJECT_CONVERSION = YES_AGGRESSIVE;
				CLANG_CXX_LANGUAGE_STANDARD = "gnu++20";
				CLANG_ENABLE_MODULES = YES;
				CLANG_ENABLE_OBJC_ARC = YES;
				CLANG_ENABLE_OBJC_WEAK = YES;
				CLANG_WARN_BLOCK_CAPTURE_AUTORELEASING = YES;
				CLANG_WARN_BOOL_CONVERSION = YES;
				CLANG_WARN_COMMA = YES;
				CLANG_WARN_CONSTANT_CONVERSION = YES;
				CLANG_WARN_DEPRECATED_OBJC_IMPLEMENTATIONS = YES;
				CLANG_WARN_DIRECT_OBJC_ISA_USAGE = YES_ERROR;
				CLANG_WARN_DOCUMENTATION_COMMENTS = YES;
				CLANG_WARN_EMPTY_BODY = YES;
				CLANG_WARN_ENUM_CONVERSION = YES;
				CLANG_WARN_INFINITE_RECURSION = YES;
				CLANG_WARN_INT_CONVERSION = YES;
				CLANG_WARN_NON_LITERAL_NULL_CONVERSION = YES;
				CLANG_WARN_OBJC_IMPLICIT_RETAIN_SELF = YES;
				CLANG_WARN_OBJC_LITERAL_CONVERSION = YES;
				CLANG_WARN_OBJC_ROOT_CLASS = YES_ERROR;
				CLANG_WARN_QUOTED_INCLUDE_IN_FRAMEWORK_HEADER = YES;
				CLANG_WARN_RANGE_LOOP_ANALYSIS = YES;
				CLANG_WARN_STRICT_PROTOTYPES = YES;
				CLANG_WARN_SUSPICIOUS_MOVE = YES;
				CLANG_WARN_UNGUARDED_AVAILABILITY = YES_AGGRESSIVE;
				CLANG_WARN_UNREACHABLE_CODE = YES;
				CLANG_WARN__DUPLICATE_METHOD_MATCH = YES;
				COPY_PHASE_STRIP = NO;
				DEBUG_INFORMATION_FORMAT = dwarf;
				ENABLE_STRICT_OBJC_MSGSEND = YES;
				ENABLE_TESTABILITY = YES;
				GCC_C_LANGUAGE_STANDARD = gnu11;
				GCC_DYNAMIC_NO_PIC = NO;
				GCC_NO_COMMON_BLOCKS = YES;
				GCC_OPTIMIZATION_LEVEL = 0;
				GCC_PREPROCESSOR_DEFINITIONS = (
					"DEBUG=1",
					"$(inherited)",
				);
				GCC_WARN_64_TO_32_BIT_CONVERSION = YES;
				GCC_WARN_ABOUT_RETURN_TYPE = YES_ERROR;
				GCC_WARN_UNDECLARED_SELECTOR = YES;
				GCC_WARN_UNINITIALIZED_AUTOS = YES_AGGRESSIVE;
				GCC_WARN_UNUSED_FUNCTION = YES;
				GCC_WARN_UNUSED_VARIABLE = YES;
				IPHONEOS_DEPLOYMENT_TARGET = 16.2;
				MTL_ENABLE_DEBUG_INFO = INCLUDE_SOURCE;
				MTL_FAST_MATH = YES;
				ONLY_ACTIVE_ARCH = YES;
				SDKROOT = iphoneos;
				SWIFT_ACTIVE_COMPILATION_CONDITIONS = DEBUG;
				SWIFT_OPTIMIZATION_LEVEL = "-Onone";
			};
			name = Debug;
		};
		AC8A20272A5D6E010098605D /* Release */ = {
			isa = XCBuildConfiguration;
			buildSettings = {
				ALWAYS_SEARCH_USER_PATHS = NO;
				CLANG_ANALYZER_NONNULL = YES;
				CLANG_ANALYZER_NUMBER_OBJECT_CONVERSION = YES_AGGRESSIVE;
				CLANG_CXX_LANGUAGE_STANDARD = "gnu++20";
				CLANG_ENABLE_MODULES = YES;
				CLANG_ENABLE_OBJC_ARC = YES;
				CLANG_ENABLE_OBJC_WEAK = YES;
				CLANG_WARN_BLOCK_CAPTURE_AUTORELEASING = YES;
				CLANG_WARN_BOOL_CONVERSION = YES;
				CLANG_WARN_COMMA = YES;
				CLANG_WARN_CONSTANT_CONVERSION = YES;
				CLANG_WARN_DEPRECATED_OBJC_IMPLEMENTATIONS = YES;
				CLANG_WARN_DIRECT_OBJC_ISA_USAGE = YES_ERROR;
				CLANG_WARN_DOCUMENTATION_COMMENTS = YES;
				CLANG_WARN_EMPTY_BODY = YES;
				CLANG_WARN_ENUM_CONVERSION = YES;
				CLANG_WARN_INFINITE_RECURSION = YES;
				CLANG_WARN_INT_CONVERSION = YES;
				CLANG_WARN_NON_LITERAL_NULL_CONVERSION = YES;
				CLANG_WARN_OBJC_IMPLICIT_RETAIN_SELF = YES;
				CLANG_WARN_OBJC_LITERAL_CONVERSION = YES;
				CLANG_WARN_OBJC_ROOT_CLASS = YES_ERROR;
				CLANG_WARN_QUOTED_INCLUDE_IN_FRAMEWORK_HEADER = YES;
				CLANG_WARN_RANGE_LOOP_ANALYSIS = YES;
				CLANG_WARN_STRICT_PROTOTYPES = YES;
				CLANG_WARN_SUSPICIOUS_MOVE = YES;
				CLANG_WARN_UNGUARDED_AVAILABILITY = YES_AGGRESSIVE;
				CLANG_WARN_UNREACHABLE_CODE = YES;
				CLANG_WARN__DUPLICATE_METHOD_MATCH = YES;
				COPY_PHASE_STRIP = NO;
				DEBUG_INFORMATION_FORMAT = "dwarf-with-dsym";
				ENABLE_NS_ASSERTIONS = NO;
				ENABLE_STRICT_OBJC_MSGSEND = YES;
				GCC_C_LANGUAGE_STANDARD = gnu11;
				GCC_NO_COMMON_BLOCKS = YES;
				GCC_WARN_64_TO_32_BIT_CONVERSION = YES;
				GCC_WARN_ABOUT_RETURN_TYPE = YES_ERROR;
				GCC_WARN_UNDECLARED_SELECTOR = YES;
				GCC_WARN_UNINITIALIZED_AUTOS = YES_AGGRESSIVE;
				GCC_WARN_UNUSED_FUNCTION = YES;
				GCC_WARN_UNUSED_VARIABLE = YES;
				IPHONEOS_DEPLOYMENT_TARGET = 16.2;
				MTL_ENABLE_DEBUG_INFO = NO;
				MTL_FAST_MATH = YES;
				SDKROOT = iphoneos;
				SWIFT_COMPILATION_MODE = wholemodule;
				SWIFT_OPTIMIZATION_LEVEL = "-O";
				VALIDATE_PRODUCT = YES;
			};
			name = Release;
		};
		AC8A20292A5D6E010098605D /* Debug */ = {
			isa = XCBuildConfiguration;
			buildSettings = {
				ASSETCATALOG_COMPILER_APPICON_NAME = AppIcon;
				ASSETCATALOG_COMPILER_GLOBAL_ACCENT_COLOR_NAME = AccentColor;
				CODE_SIGN_STYLE = Automatic;
				CURRENT_PROJECT_VERSION = 1;
				DEVELOPMENT_ASSET_PATHS = "\"EcommerceStore/Preview Content\"";
				DEVELOPMENT_TEAM = LU893QGJWJ;
				ENABLE_PREVIEWS = YES;
				GENERATE_INFOPLIST_FILE = YES;
				INFOPLIST_FILE = EcommerceStore/Info.plist;
				INFOPLIST_KEY_UIApplicationSupportsIndirectInputEvents = YES;
				INFOPLIST_KEY_UIRequiredDeviceCapabilities = armv7;
				INFOPLIST_KEY_UISupportedInterfaceOrientations = "UIInterfaceOrientationPortrait UIInterfaceOrientationLandscapeLeft UIInterfaceOrientationLandscapeRight";
				INFOPLIST_KEY_UISupportedInterfaceOrientations_iPad = "UIInterfaceOrientationPortrait UIInterfaceOrientationPortraitUpsideDown UIInterfaceOrientationLandscapeLeft UIInterfaceOrientationLandscapeRight";
				LD_RUNPATH_SEARCH_PATHS = (
					"$(inherited)",
					"@executable_path/Frameworks",
				);
				MARKETING_VERSION = 1.0;
				PRODUCT_BUNDLE_IDENTIFIER = Bhumika.EcommerceStore;
				PRODUCT_NAME = "$(TARGET_NAME)";
				SWIFT_EMIT_LOC_STRINGS = YES;
				SWIFT_VERSION = 5.0;
				TARGETED_DEVICE_FAMILY = "1,2";
			};
			name = Debug;
		};
		AC8A202A2A5D6E010098605D /* Release */ = {
			isa = XCBuildConfiguration;
			buildSettings = {
				ASSETCATALOG_COMPILER_APPICON_NAME = AppIcon;
				ASSETCATALOG_COMPILER_GLOBAL_ACCENT_COLOR_NAME = AccentColor;
				CODE_SIGN_STYLE = Automatic;
				CURRENT_PROJECT_VERSION = 1;
				DEVELOPMENT_ASSET_PATHS = "\"EcommerceStore/Preview Content\"";
				DEVELOPMENT_TEAM = LU893QGJWJ;
				ENABLE_PREVIEWS = YES;
				GENERATE_INFOPLIST_FILE = YES;
				INFOPLIST_FILE = EcommerceStore/Info.plist;
				INFOPLIST_KEY_UIApplicationSupportsIndirectInputEvents = YES;
				INFOPLIST_KEY_UIRequiredDeviceCapabilities = armv7;
				INFOPLIST_KEY_UISupportedInterfaceOrientations = "UIInterfaceOrientationPortrait UIInterfaceOrientationLandscapeLeft UIInterfaceOrientationLandscapeRight";
				INFOPLIST_KEY_UISupportedInterfaceOrientations_iPad = "UIInterfaceOrientationPortrait UIInterfaceOrientationPortraitUpsideDown UIInterfaceOrientationLandscapeLeft UIInterfaceOrientationLandscapeRight";
				LD_RUNPATH_SEARCH_PATHS = (
					"$(inherited)",
					"@executable_path/Frameworks",
				);
				MARKETING_VERSION = 1.0;
				PRODUCT_BUNDLE_IDENTIFIER = Bhumika.EcommerceStore;
				PRODUCT_NAME = "$(TARGET_NAME)";
				SWIFT_EMIT_LOC_STRINGS = YES;
				SWIFT_VERSION = 5.0;
				TARGETED_DEVICE_FAMILY = "1,2";
			};
			name = Release;
		};
		AC8A202C2A5D6E010098605D /* Debug */ = {
			isa = XCBuildConfiguration;
			buildSettings = {
				ALWAYS_EMBED_SWIFT_STANDARD_LIBRARIES = YES;
				BUNDLE_LOADER = "$(TEST_HOST)";
				CODE_SIGN_STYLE = Automatic;
				CURRENT_PROJECT_VERSION = 1;
				DEVELOPMENT_TEAM = LU893QGJWJ;
				GENERATE_INFOPLIST_FILE = YES;
				IPHONEOS_DEPLOYMENT_TARGET = 16.2;
				MARKETING_VERSION = 1.0;
				PRODUCT_BUNDLE_IDENTIFIER = Bhumika.EcommerceStoreTests;
				PRODUCT_NAME = "$(TARGET_NAME)";
				SWIFT_EMIT_LOC_STRINGS = NO;
				SWIFT_VERSION = 5.0;
				TARGETED_DEVICE_FAMILY = "1,2";
				TEST_HOST = "$(BUILT_PRODUCTS_DIR)/EcommerceStore.app/$(BUNDLE_EXECUTABLE_FOLDER_PATH)/EcommerceStore";
			};
			name = Debug;
		};
		AC8A202D2A5D6E010098605D /* Release */ = {
			isa = XCBuildConfiguration;
			buildSettings = {
				ALWAYS_EMBED_SWIFT_STANDARD_LIBRARIES = YES;
				BUNDLE_LOADER = "$(TEST_HOST)";
				CODE_SIGN_STYLE = Automatic;
				CURRENT_PROJECT_VERSION = 1;
				DEVELOPMENT_TEAM = LU893QGJWJ;
				GENERATE_INFOPLIST_FILE = YES;
				IPHONEOS_DEPLOYMENT_TARGET = 16.2;
				MARKETING_VERSION = 1.0;
				PRODUCT_BUNDLE_IDENTIFIER = Bhumika.EcommerceStoreTests;
				PRODUCT_NAME = "$(TARGET_NAME)";
				SWIFT_EMIT_LOC_STRINGS = NO;
				SWIFT_VERSION = 5.0;
				TARGETED_DEVICE_FAMILY = "1,2";
				TEST_HOST = "$(BUILT_PRODUCTS_DIR)/EcommerceStore.app/$(BUNDLE_EXECUTABLE_FOLDER_PATH)/EcommerceStore";
			};
			name = Release;
		};
		AC8A202F2A5D6E010098605D /* Debug */ = {
			isa = XCBuildConfiguration;
			buildSettings = {
				ALWAYS_EMBED_SWIFT_STANDARD_LIBRARIES = YES;
				CODE_SIGN_STYLE = Automatic;
				CURRENT_PROJECT_VERSION = 1;
				DEVELOPMENT_TEAM = LU893QGJWJ;
				GENERATE_INFOPLIST_FILE = YES;
				MARKETING_VERSION = 1.0;
				PRODUCT_BUNDLE_IDENTIFIER = Bhumika.EcommerceStoreUITests;
				PRODUCT_NAME = "$(TARGET_NAME)";
				SWIFT_EMIT_LOC_STRINGS = NO;
				SWIFT_VERSION = 5.0;
				TARGETED_DEVICE_FAMILY = "1,2";
				TEST_TARGET_NAME = EcommerceStore;
			};
			name = Debug;
		};
		AC8A20302A5D6E010098605D /* Release */ = {
			isa = XCBuildConfiguration;
			buildSettings = {
				ALWAYS_EMBED_SWIFT_STANDARD_LIBRARIES = YES;
				CODE_SIGN_STYLE = Automatic;
				CURRENT_PROJECT_VERSION = 1;
				DEVELOPMENT_TEAM = LU893QGJWJ;
				GENERATE_INFOPLIST_FILE = YES;
				MARKETING_VERSION = 1.0;
				PRODUCT_BUNDLE_IDENTIFIER = Bhumika.EcommerceStoreUITests;
				PRODUCT_NAME = "$(TARGET_NAME)";
				SWIFT_EMIT_LOC_STRINGS = NO;
				SWIFT_VERSION = 5.0;
				TARGETED_DEVICE_FAMILY = "1,2";
				TEST_TARGET_NAME = EcommerceStore;
			};
			name = Release;
		};
/* End XCBuildConfiguration section */

/* Begin XCConfigurationList section */
		AC8A1FFF2A5D6DFF0098605D /* Build configuration list for PBXProject "EcommerceStore" */ = {
			isa = XCConfigurationList;
			buildConfigurations = (
				AC8A20262A5D6E010098605D /* Debug */,
				AC8A20272A5D6E010098605D /* Release */,
			);
			defaultConfigurationIsVisible = 0;
			defaultConfigurationName = Release;
		};
		AC8A20282A5D6E010098605D /* Build configuration list for PBXNativeTarget "EcommerceStore" */ = {
			isa = XCConfigurationList;
			buildConfigurations = (
				AC8A20292A5D6E010098605D /* Debug */,
				AC8A202A2A5D6E010098605D /* Release */,
			);
			defaultConfigurationIsVisible = 0;
			defaultConfigurationName = Release;
		};
		AC8A202B2A5D6E010098605D /* Build configuration list for PBXNativeTarget "EcommerceStoreTests" */ = {
			isa = XCConfigurationList;
			buildConfigurations = (
				AC8A202C2A5D6E010098605D /* Debug */,
				AC8A202D2A5D6E010098605D /* Release */,
			);
			defaultConfigurationIsVisible = 0;
			defaultConfigurationName = Release;
		};
		AC8A202E2A5D6E010098605D /* Build configuration list for PBXNativeTarget "EcommerceStoreUITests" */ = {
			isa = XCConfigurationList;
			buildConfigurations = (
				AC8A202F2A5D6E010098605D /* Debug */,
				AC8A20302A5D6E010098605D /* Release */,
			);
			defaultConfigurationIsVisible = 0;
			defaultConfigurationName = Release;
		};
/* End XCConfigurationList section */

/* Begin XCRemoteSwiftPackageReference section */
		AC3A9F972A5E86460009DCFA /* XCRemoteSwiftPackageReference "lottie-ios" */ = {
			isa = XCRemoteSwiftPackageReference;
			repositoryURL = "https://github.com/airbnb/lottie-ios/";
			requirement = {
				kind = upToNextMajorVersion;
				minimumVersion = 3.2.3;
			};
		};
/* End XCRemoteSwiftPackageReference section */

/* Begin XCSwiftPackageProductDependency section */
		AC3A9F982A5E86460009DCFA /* Lottie */ = {
			isa = XCSwiftPackageProductDependency;
			package = AC3A9F972A5E86460009DCFA /* XCRemoteSwiftPackageReference "lottie-ios" */;
			productName = Lottie;
		};
/* End XCSwiftPackageProductDependency section */
	};
	rootObject = AC8A1FFC2A5D6DFF0098605D /* Project object */;
}
